{
  "name": "vector-rtx",
  "version": "1.0.0",
  "lockfileVersion": 1,
  "requires": true,
  "dependencies": {
    "bit-twiddle": {
      "version": "1.0.2",
      "resolved": "https://registry.npmjs.org/bit-twiddle/-/bit-twiddle-1.0.2.tgz",
      "integrity": "sha1-DGwfq+KyPRcXPZpht7cJPrnhdp4="
    },
    "construct-js": {
      "version": "0.1.0",
      "resolved": "https://registry.npmjs.org/construct-js/-/construct-js-0.1.0.tgz",
      "integrity": "sha512-ekTPlaKUYakn+PUazaeyYDk/QBIC5geOH875B3z4mGHcpIakGoXrY6lx14fFyM3Wrf19KpGdv0ahNWEyVkxpJg=="
    },
    "cwise-compiler": {
      "version": "1.1.3",
      "resolved": "https://registry.npmjs.org/cwise-compiler/-/cwise-compiler-1.1.3.tgz",
      "integrity": "sha1-9NZnQQ6FDToxOn0tt7HlBbsDTMU=",
      "requires": {
        "uniq": "^1.0.0"
      }
    },
    "dup": {
      "version": "1.0.0",
      "resolved": "https://registry.npmjs.org/dup/-/dup-1.0.0.tgz",
      "integrity": "sha1-UfxaxoX4GWRp3wuQXpNLIK9bQCk="
    },
    "fontpath-gl": {
      "version": "3.0.0",
      "resolved": "https://registry.npmjs.org/fontpath-gl/-/fontpath-gl-3.0.0.tgz",
      "integrity": "sha1-gMTGZT3smsoyZ1Qx9UYpa7JxVxM=",
      "requires": {
        "fontpath-shape2d": "0.0.5",
        "fontpath-simple-renderer": "^4.0.0",
        "gl-basic-mesh": "^1.0.1",
        "gl-basic-shader": "^1.0.0",
        "gl-mat4": "^1.0.0",
        "inherits": "^2.0.1",
        "shape2d-triangulate": "0.0.2"
      }
    },
    "fontpath-glyph-iterator": {
      "version": "1.1.0",
      "resolved": "https://registry.npmjs.org/fontpath-glyph-iterator/-/fontpath-glyph-iterator-1.1.0.tgz",
      "integrity": "sha1-BKqIaQYh9UV+j+KBZ/RRhKzL1Dw=",
      "requires": {
        "fontpath-util": "^2.0.0"
      },
      "dependencies": {
        "fontpath-util": {
          "version": "2.0.0",
          "resolved": "https://registry.npmjs.org/fontpath-util/-/fontpath-util-2.0.0.tgz",
          "integrity": "sha1-dly0lrigzjZt6LMYSlKZ8fPUQts="
        }
      }
    },
    "fontpath-renderer": {
      "version": "4.0.0",
      "resolved": "https://registry.npmjs.org/fontpath-renderer/-/fontpath-renderer-4.0.0.tgz",
      "integrity": "sha1-58NNLie3utGN3q19sg2YwhfBPdY=",
      "requires": {
        "fontpath-glyph-iterator": "^1.1.0",
        "fontpath-util": "^2.0.0",
        "fontpath-wordwrap": "^1.0.1"
      },
      "dependencies": {
        "fontpath-util": {
          "version": "2.0.0",
          "resolved": "https://registry.npmjs.org/fontpath-util/-/fontpath-util-2.0.0.tgz",
          "integrity": "sha1-dly0lrigzjZt6LMYSlKZ8fPUQts="
        }
      }
    },
    "fontpath-shape2d": {
      "version": "0.0.5",
      "resolved": "https://registry.npmjs.org/fontpath-shape2d/-/fontpath-shape2d-0.0.5.tgz",
      "integrity": "sha1-jsu7X1din7T2e/gbXMd0NH1dc8M=",
      "requires": {
        "shape2d": "0.0.5"
      }
    },
    "fontpath-simple-renderer": {
      "version": "4.0.0",
      "resolved": "https://registry.npmjs.org/fontpath-simple-renderer/-/fontpath-simple-renderer-4.0.0.tgz",
      "integrity": "sha1-4GTV1lss2AJHVd45fiLkSJ9X0lQ=",
      "requires": {
        "fontpath-renderer": "^4.0.0",
        "inherits": "^2.0.1"
      }
    },
    "fontpath-util": {
      "version": "1.0.1",
      "resolved": "https://registry.npmjs.org/fontpath-util/-/fontpath-util-1.0.1.tgz",
      "integrity": "sha1-LVICDI/wWtVyYhuYFfpmi0l2Bos="
    },
    "fontpath-vecmath": {
      "version": "0.0.2",
      "resolved": "https://registry.npmjs.org/fontpath-vecmath/-/fontpath-vecmath-0.0.2.tgz",
      "integrity": "sha1-sfoatf5Li2JI3SUA2/GhuM8HGGM=",
      "requires": {
        "fontpath-util": "^1.0.0",
        "vecmath": "^0.1.1"
      }
    },
    "fontpath-wordwrap": {
      "version": "1.0.1",
      "resolved": "https://registry.npmjs.org/fontpath-wordwrap/-/fontpath-wordwrap-1.0.1.tgz",
      "integrity": "sha1-fTAXBt04qDbBCAYXIsdpzq+uCUY=",
      "requires": {
        "word-wrapper": "^1.0.7"
      }
    },
    "gl-basic-mesh": {
      "version": "1.0.2",
      "resolved": "https://registry.npmjs.org/gl-basic-mesh/-/gl-basic-mesh-1.0.2.tgz",
      "integrity": "sha1-yRYvxU20OnFX5PRBzaCBTlsNUZM=",
      "requires": {
        "gl-basic-shader": "^1.1.0",
        "gl-buffer": "^2.0.8",
        "gl-shader-core": "^2.2.0",
        "gl-vao": "^1.1.3"
      }
    },
    "gl-basic-shader": {
      "version": "1.3.0",
      "resolved": "https://registry.npmjs.org/gl-basic-shader/-/gl-basic-shader-1.3.0.tgz",
      "integrity": "sha1-7KaOzT3MU6LyCqEDIUIAp5zDZE4=",
      "requires": {
        "gl-mat4": "^1.0.0",
        "gl-shader-core": "^2.2.0",
        "yargs": "^1.3.1"
      }
    },
    "gl-buffer": {
      "version": "2.1.2",
      "resolved": "https://registry.npmjs.org/gl-buffer/-/gl-buffer-2.1.2.tgz",
      "integrity": "sha1-LbjZwaVSf7oM25EonCBuiCuInNs=",
      "requires": {
        "ndarray": "^1.0.15",
        "ndarray-ops": "^1.1.0",
        "typedarray-pool": "^1.0.0"
      }
    },
    "gl-mat4": {
      "version": "1.2.0",
      "resolved": "https://registry.npmjs.org/gl-mat4/-/gl-mat4-1.2.0.tgz",
      "integrity": "sha512-sT5C0pwB1/e9G9AvAoLsoaJtbMGjfd/jfxo8jMCKqYYEnjZuFvqV5rehqar0538EmssjdDeiEWnKyBSTw7quoA=="
    },
    "gl-matrix": {
      "version": "3.0.0",
      "resolved": "https://registry.npmjs.org/gl-matrix/-/gl-matrix-3.0.0.tgz",
      "integrity": "sha512-PD4mVH/C/Zs64kOozeFnKY8ybhgwxXXQYGWdB4h68krAHknWJgk9uKOn6z8YElh5//vs++90pb6csrTIDWnexA=="
    },
    "gl-shader-core": {
      "version": "2.2.0",
      "resolved": "https://registry.npmjs.org/gl-shader-core/-/gl-shader-core-2.2.0.tgz",
      "integrity": "sha1-5HiOvRNc4NHsUv28QoAKK5iHngM=",
      "requires": {
        "dup": "^1.0.0"
      }
    },
    "gl-vao": {
      "version": "1.3.0",
      "resolved": "https://registry.npmjs.org/gl-vao/-/gl-vao-1.3.0.tgz",
      "integrity": "sha1-6ekqqVWIyrnVwvBLaTRAw99pGSM="
    },
    "inherits": {
      "version": "2.0.3",
      "resolved": "https://registry.npmjs.org/inherits/-/inherits-2.0.3.tgz",
      "integrity": "sha1-Yzwsg+PaQqUC9SRmAiSA9CCCYd4="
    },
    "interpolation": {
      "version": "0.0.1",
      "resolved": "https://registry.npmjs.org/interpolation/-/interpolation-0.0.1.tgz",
      "integrity": "sha1-YXdpXyd/knzPB2oXbTfxx93fwIQ="
    },
    "iota-array": {
      "version": "1.0.0",
      "resolved": "https://registry.npmjs.org/iota-array/-/iota-array-1.0.0.tgz",
      "integrity": "sha1-ge9X/l0FgUzVjCSDYyqZwwoOgIc="
    },
    "is-buffer": {
      "version": "1.1.6",
      "resolved": "https://registry.npmjs.org/is-buffer/-/is-buffer-1.1.6.tgz",
      "integrity": "sha512-NcdALwpXkTm5Zvvbk7owOUSvVvBKDgKP5/ewfXEznmQFfs4ZRmanOeKBTjRVjka3QFoN6XJ+9F3USqfHqTaU5w=="
    },
    "klasse": {
      "version": "1.0.9",
      "resolved": "https://registry.npmjs.org/klasse/-/klasse-1.0.9.tgz",
      "integrity": "sha1-dTmIGxsU1EHZ9xocUzhjV+14yeg="
    },
    "ndarray": {
      "version": "1.0.18",
      "resolved": "https://registry.npmjs.org/ndarray/-/ndarray-1.0.18.tgz",
      "integrity": "sha1-tg06cyJOxVXQ+qeXEeUCRI/T95M=",
      "requires": {
        "iota-array": "^1.0.0",
        "is-buffer": "^1.0.2"
      }
    },
    "ndarray-ops": {
      "version": "1.2.2",
      "resolved": "https://registry.npmjs.org/ndarray-ops/-/ndarray-ops-1.2.2.tgz",
      "integrity": "sha1-WeiNLDKn7ryxvGkPrhQVeVV6YU4=",
      "requires": {
        "cwise-compiler": "^1.0.0"
      }
    },
    "nvk": {
      "version": "0.3.8",
      "resolved": "https://registry.npmjs.org/nvk/-/nvk-0.3.8.tgz",
      "integrity": "sha512-WxPtz6oJ70VyRsDw/bm4b1V6xqvmRnLkBxKoLirwVe80O/NhUR6nVC8CH66/IQp0DlRnxs8w4dQKiUcAEFNBDg=="
    },
    "point-util": {
      "version": "0.0.0",
      "resolved": "https://registry.npmjs.org/point-util/-/point-util-0.0.0.tgz",
      "integrity": "sha1-Xdxcwi9LksQfZxJZTORVvZwU2w4="
    },
    "poly2tri": {
      "version": "1.5.0",
      "resolved": "https://registry.npmjs.org/poly2tri/-/poly2tri-1.5.0.tgz",
      "integrity": "sha1-2437jPNt3GBmvMAqtEiqBWF88iw="
    },
    "shape2d": {
      "version": "0.0.5",
      "resolved": "https://registry.npmjs.org/shape2d/-/shape2d-0.0.5.tgz",
      "integrity": "sha1-ohqZCsinhqPOTIJPMrDNpsi5YHE=",
      "requires": {
        "interpolation": "0.0.1",
        "klasse": "^1.0.8",
        "vecmath": "^0.1.0"
      }
    },
    "shape2d-triangulate": {
      "version": "0.0.2",
      "resolved": "https://registry.npmjs.org/shape2d-triangulate/-/shape2d-triangulate-0.0.2.tgz",
      "integrity": "sha1-3+1PRWA3plLw2eP4Po2mBBoC10k=",
      "requires": {
        "point-util": "0.0.0",
        "poly2tri": "^1.3.5"
      }
    },
    "typedarray-pool": {
      "version": "1.1.0",
      "resolved": "https://registry.npmjs.org/typedarray-pool/-/typedarray-pool-1.1.0.tgz",
      "integrity": "sha1-0RT0hIAUifU+yrXoCIqiMET0mNk=",
      "requires": {
        "bit-twiddle": "^1.0.0",
        "dup": "^1.0.0"
      }
    },
    "uniq": {
      "version": "1.0.1",
      "resolved": "https://registry.npmjs.org/uniq/-/uniq-1.0.1.tgz",
      "integrity": "sha1-sxxa6CVIRKOoKBVBzisEuGWnNP8="
    },
    "vecmath": {
      "version": "0.1.4",
      "resolved": "https://registry.npmjs.org/vecmath/-/vecmath-0.1.4.tgz",
      "integrity": "sha1-eTgGOYdozGD/yLDr+9OZQlr5cmE="
    },
    "word-wrapper": {
      "version": "1.0.7",
      "resolved": "https://registry.npmjs.org/word-wrapper/-/word-wrapper-1.0.7.tgz",
      "integrity": "sha1-HxSv6/Zt/fD+9V79NxhO+9CMKLY="
    },
    "yargs": {
      "version": "1.3.3",
      "resolved": "https://registry.npmjs.org/yargs/-/yargs-1.3.3.tgz",
      "integrity": "sha1-BU3oth8i7v23IHBZ6u+da4P7kxo="
    }
  }
}
